
Microsoft Visual Studio Solution File, Format Version 12.00
# Visual Studio 15
VisualStudioVersion = 15.0.27703.2026
MinimumVisualStudioVersion = 10.0.40219.1
Project("{FAE04EC0-301F-11D3-BF4B-00C04F79EFBC}") = "WitchClock.Tizen.Wearable", "WitchClock\WitchClock.Tizen.Wearable\WitchClock.Tizen.Wearable.csproj", "{53370FD8-1656-4975-ABB7-497F8998E3E5}"
EndProject
Global
	GlobalSection(SolutionConfigurationPlatforms) = preSolution
		Debug|Any CPU = Debug|Any CPU
		Release|Any CPU = Release|Any CPU
	EndGlobalSection
	GlobalSection(ProjectConfigurationPlatforms) = postSolution
		{53370FD8-1656-4975-ABB7-497F8998E3E5}.Debug|Any CPU.ActiveCfg = Debug|Any CPU
		{53370FD8-1656-4975-ABB7-497F8998E3E5}.Debug|Any CPU.Build.0 = Debug|Any CPU
		{53370FD8-1656-4975-ABB7-497F8998E3E5}.Release|Any CPU.ActiveCfg = Release|Any CPU
		{53370FD8-1656-4975-ABB7-497F8998E3E5}.Release|Any CPU.Build.0 = Release|Any CPU
	EndGlobalSection
	GlobalSection(SolutionProperties) = preSolution
		HideSolutionNode = FALSE
	EndGlobalSection
	GlobalSection(ExtensibilityGlobals) = postSolution
		SolutionGuid = {CC0B461C-05B4-4478-A5A8-CA4C2D8F8800}
	EndGlobalSection
EndGlobal
